
Microsoft Visual Studio Solution File, Format Version 12.00
# Visual Studio 14
VisualStudioVersion = 14.0.24720.0
MinimumVisualStudioVersion = 10.0.40219.1
Project("{F184B08F-C81C-45F6-A57F-5ABD9991F28F}") = "Mrp", "Mrp\Mrp.vbproj", "{C00DA1FB-1601-43C5-A256-FAAA5F03EF4B}"
EndProject
Project("{F184B08F-C81C-45F6-A57F-5ABD9991F28F}") = "TestXmlRpc", "TestXmlRpc\TestXmlRpc.vbproj", "{3FDB3665-599D-4F4F-9A32-55C9F1E6CF8D}"
EndProject
Project("{FAE04EC0-301F-11D3-BF4B-00C04F79EFBC}") = "OdooWebSvc", "OdooWebSvc\OdooWebSvc.csproj", "{6304E70C-C8C8-4590-BAF9-1F86E38A15F8}"
EndProject
Project("{F184B08F-C81C-45F6-A57F-5ABD9991F28F}") = "KskPlugInSharedObject", "KskPlugInSharedObject\KskPlugInSharedObject.vbproj", "{C78BE146-090F-44C7-B3BF-E0A328335422}"
EndProject
Project("{FAE04EC0-301F-11D3-BF4B-00C04F79EFBC}") = "WMSPlugIn", "WMSPlugIn\WMSPlugIn.csproj", "{1D2626D6-F9F5-45EC-B23F-8F3863F23D3B}"
EndProject
Project("{FAE04EC0-301F-11D3-BF4B-00C04F79EFBC}") = "WMSPlugInTests", "WMSPlugInTests\WMSPlugInTests.csproj", "{783FE334-593D-40E2-8B87-9626FDCFB07F}"
EndProject
Project("{F184B08F-C81C-45F6-A57F-5ABD9991F28F}") = "TestMrp", "TestMrp\TestMrp.vbproj", "{F5A9122B-E36A-40C7-8EDD-B890CEFB752B}"
EndProject
Project("{FAE04EC0-301F-11D3-BF4B-00C04F79EFBC}") = "MrpPluginData", "MrpPluginData\MrpPluginData.csproj", "{7D3614E6-E597-4BB3-8C58-DF0295F2BE92}"
EndProject
Project("{FAE04EC0-301F-11D3-BF4B-00C04F79EFBC}") = "OdooWebSvcTests", "OdooWebSvcTests\OdooWebSvcTests.csproj", "{F89093B3-56E7-421E-B7B9-A86A479F5D15}"
EndProject
Project("{FAE04EC0-301F-11D3-BF4B-00C04F79EFBC}") = "OdooPlugIn", "OdooPlugIn\OdooPlugIn.csproj", "{BF13E09A-32F5-432C-9105-3738BC573844}"
EndProject
Project("{FAE04EC0-301F-11D3-BF4B-00C04F79EFBC}") = "ZQueryFun", "ZQueryFun\ZQueryFun.csproj", "{F18EDBD2-E7CA-45A9-AF3C-7A25400DB41E}"
EndProject
Global
	GlobalSection(SolutionConfigurationPlatforms) = preSolution
		Debug|Any CPU = Debug|Any CPU
		Release|Any CPU = Release|Any CPU
	EndGlobalSection
	GlobalSection(ProjectConfigurationPlatforms) = postSolution
		{C00DA1FB-1601-43C5-A256-FAAA5F03EF4B}.Debug|Any CPU.ActiveCfg = Debug|Any CPU
		{C00DA1FB-1601-43C5-A256-FAAA5F03EF4B}.Debug|Any CPU.Build.0 = Debug|Any CPU
		{C00DA1FB-1601-43C5-A256-FAAA5F03EF4B}.Release|Any CPU.ActiveCfg = Release|Any CPU
		{C00DA1FB-1601-43C5-A256-FAAA5F03EF4B}.Release|Any CPU.Build.0 = Release|Any CPU
		{3FDB3665-599D-4F4F-9A32-55C9F1E6CF8D}.Debug|Any CPU.ActiveCfg = Debug|Any CPU
		{3FDB3665-599D-4F4F-9A32-55C9F1E6CF8D}.Debug|Any CPU.Build.0 = Debug|Any CPU
		{3FDB3665-599D-4F4F-9A32-55C9F1E6CF8D}.Release|Any CPU.ActiveCfg = Release|Any CPU
		{3FDB3665-599D-4F4F-9A32-55C9F1E6CF8D}.Release|Any CPU.Build.0 = Release|Any CPU
		{6304E70C-C8C8-4590-BAF9-1F86E38A15F8}.Debug|Any CPU.ActiveCfg = Debug|Any CPU
		{6304E70C-C8C8-4590-BAF9-1F86E38A15F8}.Debug|Any CPU.Build.0 = Debug|Any CPU
		{6304E70C-C8C8-4590-BAF9-1F86E38A15F8}.Release|Any CPU.ActiveCfg = Release|Any CPU
		{6304E70C-C8C8-4590-BAF9-1F86E38A15F8}.Release|Any CPU.Build.0 = Release|Any CPU
		{C78BE146-090F-44C7-B3BF-E0A328335422}.Debug|Any CPU.ActiveCfg = Debug|Any CPU
		{C78BE146-090F-44C7-B3BF-E0A328335422}.Debug|Any CPU.Build.0 = Debug|Any CPU
		{C78BE146-090F-44C7-B3BF-E0A328335422}.Release|Any CPU.ActiveCfg = Release|Any CPU
		{C78BE146-090F-44C7-B3BF-E0A328335422}.Release|Any CPU.Build.0 = Release|Any CPU
		{1D2626D6-F9F5-45EC-B23F-8F3863F23D3B}.Debug|Any CPU.ActiveCfg = Debug|Any CPU
		{1D2626D6-F9F5-45EC-B23F-8F3863F23D3B}.Debug|Any CPU.Build.0 = Debug|Any CPU
		{1D2626D6-F9F5-45EC-B23F-8F3863F23D3B}.Release|Any CPU.ActiveCfg = Release|Any CPU
		{1D2626D6-F9F5-45EC-B23F-8F3863F23D3B}.Release|Any CPU.Build.0 = Release|Any CPU
		{783FE334-593D-40E2-8B87-9626FDCFB07F}.Debug|Any CPU.ActiveCfg = Debug|Any CPU
		{783FE334-593D-40E2-8B87-9626FDCFB07F}.Debug|Any CPU.Build.0 = Debug|Any CPU
		{783FE334-593D-40E2-8B87-9626FDCFB07F}.Release|Any CPU.ActiveCfg = Release|Any CPU
		{783FE334-593D-40E2-8B87-9626FDCFB07F}.Release|Any CPU.Build.0 = Release|Any CPU
		{F5A9122B-E36A-40C7-8EDD-B890CEFB752B}.Debug|Any CPU.ActiveCfg = Debug|Any CPU
		{F5A9122B-E36A-40C7-8EDD-B890CEFB752B}.Debug|Any CPU.Build.0 = Debug|Any CPU
		{F5A9122B-E36A-40C7-8EDD-B890CEFB752B}.Release|Any CPU.ActiveCfg = Release|Any CPU
		{F5A9122B-E36A-40C7-8EDD-B890CEFB752B}.Release|Any CPU.Build.0 = Release|Any CPU
		{7D3614E6-E597-4BB3-8C58-DF0295F2BE92}.Debug|Any CPU.ActiveCfg = Debug|Any CPU
		{7D3614E6-E597-4BB3-8C58-DF0295F2BE92}.Debug|Any CPU.Build.0 = Debug|Any CPU
		{7D3614E6-E597-4BB3-8C58-DF0295F2BE92}.Release|Any CPU.ActiveCfg = Release|Any CPU
		{7D3614E6-E597-4BB3-8C58-DF0295F2BE92}.Release|Any CPU.Build.0 = Release|Any CPU
		{F89093B3-56E7-421E-B7B9-A86A479F5D15}.Debug|Any CPU.ActiveCfg = Debug|Any CPU
		{F89093B3-56E7-421E-B7B9-A86A479F5D15}.Debug|Any CPU.Build.0 = Debug|Any CPU
		{F89093B3-56E7-421E-B7B9-A86A479F5D15}.Release|Any CPU.ActiveCfg = Release|Any CPU
		{F89093B3-56E7-421E-B7B9-A86A479F5D15}.Release|Any CPU.Build.0 = Release|Any CPU
		{BF13E09A-32F5-432C-9105-3738BC573844}.Debug|Any CPU.ActiveCfg = Debug|Any CPU
		{BF13E09A-32F5-432C-9105-3738BC573844}.Debug|Any CPU.Build.0 = Debug|Any CPU
		{BF13E09A-32F5-432C-9105-3738BC573844}.Release|Any CPU.ActiveCfg = Release|Any CPU
		{BF13E09A-32F5-432C-9105-3738BC573844}.Release|Any CPU.Build.0 = Release|Any CPU
		{F18EDBD2-E7CA-45A9-AF3C-7A25400DB41E}.Debug|Any CPU.ActiveCfg = Debug|Any CPU
		{F18EDBD2-E7CA-45A9-AF3C-7A25400DB41E}.Debug|Any CPU.Build.0 = Debug|Any CPU
		{F18EDBD2-E7CA-45A9-AF3C-7A25400DB41E}.Release|Any CPU.ActiveCfg = Release|Any CPU
		{F18EDBD2-E7CA-45A9-AF3C-7A25400DB41E}.Release|Any CPU.Build.0 = Release|Any CPU
	EndGlobalSection
	GlobalSection(SolutionProperties) = preSolution
		HideSolutionNode = FALSE
	EndGlobalSection
EndGlobal
